
Microsoft Visual Studio Solution File, Format Version 12.00
# Visual Studio 15
VisualStudioVersion = 15.0.28307.421
MinimumVisualStudioVersion = 10.0.40219.1
Project("{FAE04EC0-301F-11D3-BF4B-00C04F79EFBC}") = "RTWatcher", "RTWatcher\RTWatcher.csproj", "{97CAEF0E-6A59-40D6-95B6-9CAFE3A56679}"
EndProject
Project("{FAE04EC0-301F-11D3-BF4B-00C04F79EFBC}") = "Core", "Core\Core.csproj", "{70816FBB-B9CF-444C-8673-4CDB72E8E81D}"
EndProject
Project("{2150E333-8FDC-42A3-9474-1A3956D46DE8}") = "AppCore", "AppCore", "{9B360DF5-2438-4BBF-A82A-EC9B37CE678E}"
EndProject
Global
	GlobalSection(SolutionConfigurationPlatforms) = preSolution
		Debug|Any CPU = Debug|Any CPU
		Release|Any CPU = Release|Any CPU
	EndGlobalSection
	GlobalSection(ProjectConfigurationPlatforms) = postSolution
		{97CAEF0E-6A59-40D6-95B6-9CAFE3A56679}.Debug|Any CPU.ActiveCfg = Debug|Any CPU
		{97CAEF0E-6A59-40D6-95B6-9CAFE3A56679}.Debug|Any CPU.Build.0 = Debug|Any CPU
		{97CAEF0E-6A59-40D6-95B6-9CAFE3A56679}.Release|Any CPU.ActiveCfg = Release|Any CPU
		{97CAEF0E-6A59-40D6-95B6-9CAFE3A56679}.Release|Any CPU.Build.0 = Release|Any CPU
		{70816FBB-B9CF-444C-8673-4CDB72E8E81D}.Debug|Any CPU.ActiveCfg = Debug|Any CPU
		{70816FBB-B9CF-444C-8673-4CDB72E8E81D}.Debug|Any CPU.Build.0 = Debug|Any CPU
		{70816FBB-B9CF-444C-8673-4CDB72E8E81D}.Release|Any CPU.ActiveCfg = Release|Any CPU
		{70816FBB-B9CF-444C-8673-4CDB72E8E81D}.Release|Any CPU.Build.0 = Release|Any CPU
	EndGlobalSection
	GlobalSection(SolutionProperties) = preSolution
		HideSolutionNode = FALSE
	EndGlobalSection
	GlobalSection(NestedProjects) = preSolution
		{70816FBB-B9CF-444C-8673-4CDB72E8E81D} = {9B360DF5-2438-4BBF-A82A-EC9B37CE678E}
	EndGlobalSection
	GlobalSection(ExtensibilityGlobals) = postSolution
		SolutionGuid = {6202AFA9-1FB2-4672-AC34-512184C28A52}
	EndGlobalSection
EndGlobal
